#MicroXplorer Configuration settings - do not modify
Mcu.Family=STM32F3
ProjectManager.MainLocation=Core/Src
RCC.USART1Freq_Value=8000000
ProjectManager.ProjectFileName=Emergency_stop.ioc
USART2.IPParameters=VirtualMode-Asynchronous
RCC.CortexFreq_Value=8000000
ProjectManager.KeepUserCode=true
Mcu.UserName=STM32F303K8Tx
PF0\ /\ OSC_IN.Mode=HSE-External-Clock-Source
PA15.GPIOParameters=GPIO_Label
Mcu.PinsNb=6
ProjectManager.NoMain=false
RCC.PLLCLKFreq_Value=8000000
PA14.GPIO_Label=SWCLK
ProjectManager.functionlistsort=1-MX_GPIO_Init-GPIO-false-HAL-true,2-SystemClock_Config-RCC-false-HAL-false,3-MX_USART2_UART_Init-USART2-false-HAL-true
RCC.RTCFreq_Value=40000
ProjectManager.DefaultFWLocation=true
RCC.HSEPLLFreq_Value=8000000
RCC.USART2Freq_Value=8000000
PF0\ /\ OSC_IN.GPIOParameters=GPIO_Label
ProjectManager.DeletePrevious=true
RCC.HSIPLLFreq_Value=4000000
boardIOC=true
PA2.GPIOParameters=GPIO_Label
PinOutPanel.RotationAngle=0
RCC.FamilyName=M
ProjectManager.StackSize=0x400
PA13.Signal=SYS_JTMS-SWDIO
Mcu.IP2=SYS
NVIC.SVCall_IRQn=true\:0\:0\:false\:false\:true\:false\:false
Mcu.IP3=USART2
PA15.GPIO_Label=VCP_RX
Mcu.IP0=NVIC
PA15.Locked=true
Mcu.IP1=RCC
Mcu.UserConstants=
ProjectManager.TargetToolchain=STM32CubeIDE
Mcu.ThirdPartyNb=0
Mcu.IPNb=4
ProjectManager.PreviousToolchain=
ProjectManager.RegisterCallBack=
RCC.AHBFreq_Value=8000000
RCC.TIM2Freq_Value=8000000
Mcu.Pin0=PF0 / OSC_IN
Mcu.Pin1=PA2
Mcu.Pin2=PA13
Mcu.Pin3=PA14
Mcu.Pin4=PA15
Mcu.Pin5=VP_SYS_VS_Systick
ProjectManager.ProjectBuild=false
RCC.HSE_VALUE=8000000
NVIC.UsageFault_IRQn=true\:0\:0\:false\:false\:true\:false\:false
NVIC.DebugMonitor_IRQn=true\:0\:0\:false\:false\:true\:false\:false
board=NUCLEO-F303K8
USART2.VirtualMode-Asynchronous=VM_ASYNC
PA15.Mode=Asynchronous
NVIC.SysTick_IRQn=true\:0\:0\:false\:false\:true\:true\:true
ProjectManager.LastFirmware=true
RCC.VCOOutput2Freq_Value=4000000
ProjectManager.FirmwarePackage=STM32Cube FW_F3 V1.11.3
PF0\ /\ OSC_IN.Locked=true
MxDb.Version=DB.6.0.21
RCC.APB2Freq_Value=8000000
ProjectManager.BackupPrevious=false
PF0\ /\ OSC_IN.Signal=RCC_OSC_IN
MxCube.Version=6.2.1
RCC.I2C1Freq_Value=8000000
PA14.Mode=Serial_Wire
PF0\ /\ OSC_IN.GPIO_Label=MCO
File.Version=6
VP_SYS_VS_Systick.Mode=SysTick
NVIC.NonMaskableInt_IRQn=true\:0\:0\:false\:false\:true\:false\:false
NVIC.PendSV_IRQn=true\:0\:0\:false\:false\:true\:false\:false
PA13.Mode=Serial_Wire
ProjectManager.FreePins=false
RCC.IPParameters=AHBFreq_Value,APB1Freq_Value,APB2Freq_Value,CECFreq_Value,CortexFreq_Value,FamilyName,HSEPLLFreq_Value,HSE_VALUE,HSICECFreq_Value,HSIPLLFreq_Value,HSI_VALUE,I2C1Freq_Value,LSI_VALUE,PLLCLKFreq_Value,PLLMCOFreq_Value,RTCFreq_Value,RTCHSEDivFreq_Value,SYSCLKFreq_VALUE,TIM2Freq_Value,TimSysFreq_Value,USART1Freq_Value,USART2Freq_Value,VCOOutput2Freq_Value
ProjectManager.AskForMigrate=true
Mcu.Name=STM32F303K(6-8)Tx
ProjectManager.HalAssertFull=false
RCC.RTCHSEDivFreq_Value=250000
PA13.GPIO_Label=SWDIO
PA2.Signal=USART2_TX
ProjectManager.ProjectName=Emergency_stop
ProjectManager.UnderRoot=true
RCC.HSICECFreq_Value=32786.88524590164
PA13.GPIOParameters=GPIO_Label
RCC.PLLMCOFreq_Value=8000000
ProjectManager.CoupleFile=false
RCC.SYSCLKFreq_VALUE=8000000
Mcu.Package=LQFP32
RCC.TimSysFreq_Value=8000000
NVIC.ForceEnableDMAVector=true
KeepUserPlacement=false
PA14.GPIOParameters=GPIO_Label
NVIC.MemoryManagement_IRQn=true\:0\:0\:false\:false\:true\:false\:false
PA13.Locked=true
PA14.Locked=true
ProjectManager.CompilerOptimize=6
ProjectManager.ToolChainLocation=
RCC.LSI_VALUE=40000
PA2.GPIO_Label=VCP_TX
VP_SYS_VS_Systick.Signal=SYS_VS_Systick
PA14.Signal=SYS_JTCK-SWCLK
PA15.Signal=USART2_RX
ProjectManager.HeapSize=0x200
NVIC.HardFault_IRQn=true\:0\:0\:false\:false\:true\:false\:false
ProjectManager.ComputerToolchain=false
RCC.HSI_VALUE=8000000
NVIC.PriorityGroup=NVIC_PRIORITYGROUP_4
RCC.CECFreq_Value=32786.88524590164
PA2.Mode=Asynchronous
NVIC.BusFault_IRQn=true\:0\:0\:false\:false\:true\:false\:false
RCC.APB1Freq_Value=8000000
ProjectManager.CustomerFirmwarePackage=
ProjectManager.DeviceId=STM32F303K8Tx
ProjectManager.LibraryCopy=1
PA2.Locked=true
isbadioc=false
