#MicroXplorer Configuration settings - do not modify
Mcu.Family=STM32F4
ProjectManager.MainLocation=Core/Src
PB13.GPIOParameters=GPIO_PuPd,GPIO_Label
PC7.GPIOParameters=GPIO_Label
USART2.IPParameters=VirtualMode
RCC.CortexFreq_Value=128000000
ProjectManager.KeepUserCode=true
Mcu.UserName=STM32F446RETx
SH.GPXTI14.0=GPIO_EXTI14
PC10.Locked=true
RCC.PLLCLKFreq_Value=128000000
PC12.Signal=UART5_TX
PC10.Signal=UART4_TX
RCC.PLLQCLKFreq_Value=128000000
TIM3.EncoderMode=TIM_ENCODERMODE_TI12
ProjectManager.functionlistsort=1-MX_GPIO_Init-GPIO-false-HAL-true,2-SystemClock_Config-RCC-false-HAL-false,3-MX_USART6_UART_Init-USART6-false-HAL-true,4-MX_UART5_Init-UART5-false-HAL-true,5-MX_TIM3_Init-TIM3-false-HAL-true,6-MX_USART2_UART_Init-USART2-false-HAL-true,7-MX_UART4_Init-UART4-false-HAL-true
PC0.GPIOParameters=GPIO_Label,GPIO_ModeDefaultEXTI
PC0.GPIO_Label=PE_Sensor_1
PC6.GPIO_Label=MOTOR_TX
PA6.GPIO_Label=ROPE
RCC.PLLI2SRCLKFreq_Value=96000000
PB13.GPIO_Label=PE_3
PB13.Signal=GPIO_Input
RCC.SAIAFreq_Value=96000000
PinOutPanel.RotationAngle=0
RCC.SYSCLKSource=RCC_SYSCLKSOURCE_PLLCLK
ProjectManager.StackSize=0x400
NVIC.UART5_IRQn=true\:0\:0\:false\:false\:true\:true\:true
Mcu.IP4=UART4
RCC.FCLKCortexFreq_Value=128000000
Mcu.IP5=UART5
NVIC.SVCall_IRQn=true\:0\:0\:false\:false\:true\:false\:false
Mcu.IP2=SYS
Mcu.IP3=TIM3
Mcu.IP0=NVIC
Mcu.IP1=RCC
Mcu.UserConstants=
SH.S_TIM3_CH2.ConfNb=1
Mcu.ThirdPartyNb=0
RCC.SDIOFreq_Value=128000000
RCC.HCLKFreq_Value=128000000
Mcu.IPNb=8
ProjectManager.PreviousToolchain=
RCC.APB2TimFreq_Value=128000000
RCC.SPDIFRXFreq_Value=128000000
PC7.Signal=USART6_RX
Mcu.Pin6=PA5
Mcu.Pin7=PA6
Mcu.Pin8=PA7
Mcu.Pin9=PB12
RCC.VCOSAIOutputFreq_Value=192000000
RCC.AHBFreq_Value=128000000
PB13.Locked=true
Mcu.Pin0=PC14-OSC32_IN
Mcu.Pin1=PC0
GPIO.groupedBy=Group By Peripherals
Mcu.Pin2=PC2
Mcu.Pin3=PA2
NVIC.EXTI15_10_IRQn=true\:1\:0\:true\:false\:true\:true\:true
Mcu.Pin4=PA3
Mcu.Pin5=PA4
ProjectManager.ProjectBuild=false
NVIC.UsageFault_IRQn=true\:0\:0\:false\:false\:true\:false\:false
NVIC.DebugMonitor_IRQn=true\:0\:0\:false\:false\:true\:false\:false
PA4.GPIO_PuPd=GPIO_NOPULL
PA4.Locked=true
NVIC.SysTick_IRQn=true\:0\:0\:false\:false\:true\:false\:true
PB12.GPIO_Label=Photo_Interrupt
ProjectManager.FirmwarePackage=STM32Cube FW_F4 V1.26.1
MxDb.Version=DB.6.0.21
ProjectManager.BackupPrevious=false
RCC.VCOInputFreq_Value=2000000
PA14.Mode=Serial_Wire
File.Version=6
RCC.PLLRCLKFreq_Value=128000000
NVIC.PendSV_IRQn=true\:0\:0\:false\:false\:true\:false\:false
SH.S_TIM3_CH1.0=TIM3_CH1,Encoder_Interface
ProjectManager.HalAssertFull=false
PC14-OSC32_IN.GPIOParameters=GPIO_Label,GPIO_ModeDefaultEXTI
ProjectManager.ProjectName=20210507manual_control
PC0.GPIO_ModeDefaultEXTI=GPIO_MODE_IT_FALLING
RCC.MCO2PinFreq_Value=128000000
Mcu.Package=LQFP64
PA6.Signal=S_TIM3_CH1
PA5.Locked=true
USART2.VirtualMode=VM_ASYNC
USART6.VirtualMode=VM_ASYNC
ProjectManager.ToolChainLocation=
SH.GPXTI0.0=GPIO_EXTI0
VP_SYS_VS_Systick.Signal=SYS_VS_Systick
UART5.IPParameters=VirtualMode
USART6.BaudRate=9600
PC11.Mode=Asynchronous
SH.GPXTI14.ConfNb=1
RCC.APB2CLKDivider=RCC_HCLK_DIV2
RCC.CECFreq_Value=32786.88524590164
RCC.APB1TimFreq_Value=64000000
NVIC.BusFault_IRQn=true\:0\:0\:false\:false\:true\:false\:false
PC14-OSC32_IN.GPIO_Label=PE_Sensor_2
RCC.SAIBFreq_Value=96000000
PA4.GPIO_Label=PE_Sensor_3
PC2.GPIO_Label=SIG
ProjectManager.CustomerFirmwarePackage=
PC14-OSC32_IN.Locked=true
RCC.PLLSAIQCLKFreq_Value=96000000
PA3.Signal=USART2_RX
NVIC.UART4_IRQn=true\:0\:0\:false\:false\:true\:true\:true
PA6.GPIOParameters=GPIO_Label
NVIC.EXTI4_IRQn=true\:1\:0\:true\:false\:true\:true\:true
ProjectManager.ProjectFileName=20210507manual_control.ioc
UART4.IPParameters=VirtualMode
Mcu.PinsNb=20
TIM3.AutoReloadPreload=TIM_AUTORELOAD_PRELOAD_ENABLE
ProjectManager.NoMain=false
PC11.Locked=true
USART6.IPParameters=VirtualMode,BaudRate
PC11.Signal=UART4_RX
RCC.FMPI2C1Freq_Value=32000000
RCC.VCOI2SInputFreq_Value=1000000
PC2.Signal=GPIO_Output
PC6.Signal=USART6_TX
PC10.Mode=Asynchronous
SH.GPXTI0.ConfNb=1
ProjectManager.DefaultFWLocation=true
PB12.Locked=true
ProjectManager.DeletePrevious=true
UART5.VirtualMode=Asynchronous
PC0.Signal=GPXTI0
RCC.APB1CLKDivider=RCC_HCLK_DIV4
UART4.VirtualMode=Asynchronous
PC14-OSC32_IN.Signal=GPXTI14
RCC.FamilyName=M
PA13.Signal=SYS_JTMS-SWDIO
PA3.Mode=Asynchronous
ProjectManager.TargetToolchain=STM32CubeIDE
PC6.Mode=Asynchronous
PA4.GPIO_ModeDefaultEXTI=GPIO_MODE_IT_FALLING
PC2.Locked=true
ProjectManager.RegisterCallBack=
RCC.USBFreq_Value=128000000
RCC.VCOI2SOutputFreq_Value=192000000
PD2.Mode=Asynchronous
PA5.Signal=GPIO_Output
SH.S_TIM3_CH2.0=TIM3_CH2,Encoder_Interface
PC12.Mode=Asynchronous
RCC.PLLSAIPCLKFreq_Value=96000000
board=custom
RCC.VCOOutputFreq_Value=256000000
ProjectManager.LastFirmware=false
NVIC.TIM3_IRQn=true\:2\:0\:true\:false\:true\:true\:true
PC14-OSC32_IN.GPIO_ModeDefaultEXTI=GPIO_MODE_IT_FALLING
PB13.GPIO_PuPd=GPIO_PULLUP
RCC.APB2Freq_Value=64000000
MxCube.Version=6.2.1
RCC.PLLI2SPCLKFreq_Value=96000000
PC2.GPIOParameters=GPIO_Label
VP_SYS_VS_Systick.Mode=SysTick
TIM3.IPParameters=EncoderMode,AutoReloadPreload
NVIC.NonMaskableInt_IRQn=true\:0\:0\:false\:false\:true\:false\:false
PA4.GPIOParameters=GPIO_PuPd,GPIO_Label,GPIO_ModeDefaultEXTI
PA13.Mode=Serial_Wire
ProjectManager.FreePins=false
RCC.IPParameters=AHBFreq_Value,APB1CLKDivider,APB1Freq_Value,APB1TimFreq_Value,APB2CLKDivider,APB2Freq_Value,APB2TimFreq_Value,CECFreq_Value,CortexFreq_Value,FCLKCortexFreq_Value,FMPI2C1Freq_Value,FamilyName,HCLKFreq_Value,MCO2PinFreq_Value,PLLCLKFreq_Value,PLLI2SPCLKFreq_Value,PLLI2SQCLKFreq_Value,PLLI2SRCLKFreq_Value,PLLM,PLLN,PLLQCLKFreq_Value,PLLRCLKFreq_Value,PLLSAIPCLKFreq_Value,PLLSAIQCLKFreq_Value,PWRFreq_Value,SAIAFreq_Value,SAIBFreq_Value,SDIOFreq_Value,SPDIFRXFreq_Value,SYSCLKFreq_VALUE,SYSCLKSource,USBFreq_Value,VCOI2SInputFreq_Value,VCOI2SOutputFreq_Value,VCOInputFreq_Value,VCOOutputFreq_Value,VCOSAIInputFreq_Value,VCOSAIOutputFreq_Value
ProjectManager.AskForMigrate=true
Mcu.Name=STM32F446R(C-E)Tx
RCC.PLLI2SQCLKFreq_Value=96000000
PA2.Signal=USART2_TX
ProjectManager.UnderRoot=true
PC7.GPIO_Label=MOTOR_RX
Mcu.IP6=USART2
RCC.VCOSAIInputFreq_Value=1000000
Mcu.IP7=USART6
ProjectManager.CoupleFile=true
NVIC.EXTI0_IRQn=true\:1\:0\:true\:false\:true\:true\:true
PA4.Signal=GPXTI4
RCC.SYSCLKFreq_VALUE=128000000
PA7.GPIO_Label=ROPE
SH.GPXTI4.0=GPIO_EXTI4
NVIC.ForceEnableDMAVector=true
KeepUserPlacement=false
NVIC.MemoryManagement_IRQn=true\:0\:0\:false\:false\:true\:false\:false
ProjectManager.CompilerOptimize=6
PA14.Signal=SYS_JTCK-SWCLK
ProjectManager.HeapSize=0x200
NVIC.HardFault_IRQn=true\:0\:0\:false\:false\:true\:false\:false
Mcu.Pin15=PC10
Mcu.Pin16=PC11
SH.GPXTI4.ConfNb=1
Mcu.Pin13=PA13
Mcu.Pin14=PA14
PC6.GPIOParameters=GPIO_Label
Mcu.Pin19=VP_SYS_VS_Systick
SH.S_TIM3_CH1.ConfNb=1
ProjectManager.ComputerToolchain=false
Mcu.Pin17=PC12
Mcu.Pin18=PD2
NVIC.PriorityGroup=NVIC_PRIORITYGROUP_4
Mcu.Pin11=PC6
Mcu.Pin12=PC7
RCC.PLLM=8
RCC.PLLN=128
Mcu.Pin10=PB13
PA2.Mode=Asynchronous
RCC.PWRFreq_Value=128000000
PC7.Mode=Asynchronous
PD2.Signal=UART5_RX
PB12.GPIO_PuPd=GPIO_PULLUP
RCC.APB1Freq_Value=32000000
PA7.GPIOParameters=GPIO_Label
PC0.Locked=true
ProjectManager.DeviceId=STM32F446RETx
PB12.GPIOParameters=GPIO_PuPd,GPIO_Label
PB12.Signal=GPIO_Input
ProjectManager.LibraryCopy=1
PA7.Signal=S_TIM3_CH2
isbadioc=false
